
Microsoft Visual Studio Solution File, Format Version 12.00
# Visual Studio Version 17
VisualStudioVersion = 17.4.33110.190
MinimumVisualStudioVersion = 10.0.40219.1
Project("{9A19103F-16F7-4668-BE54-9A1E7A4F7556}") = "Day1", "Day1\Day1.csproj", "{20098E0A-BFE2-46F5-A33B-8079E9CEF545}"
EndProject
Project("{9A19103F-16F7-4668-BE54-9A1E7A4F7556}") = "Day2", "Day2\Day2.csproj", "{142F6D65-D4B9-4572-97CC-2159B243D3B7}"
EndProject
Project("{FAE04EC0-301F-11D3-BF4B-00C04F79EFBC}") = "Lib", "Lib\Lib.csproj", "{5C73D99A-90ED-457B-91CB-6240C366FA22}"
EndProject
Global
	GlobalSection(SolutionConfigurationPlatforms) = preSolution
		Debug|Any CPU = Debug|Any CPU
		Release|Any CPU = Release|Any CPU
	EndGlobalSection
	GlobalSection(ProjectConfigurationPlatforms) = postSolution
		{20098E0A-BFE2-46F5-A33B-8079E9CEF545}.Debug|Any CPU.ActiveCfg = Debug|Any CPU
		{20098E0A-BFE2-46F5-A33B-8079E9CEF545}.Debug|Any CPU.Build.0 = Debug|Any CPU
		{20098E0A-BFE2-46F5-A33B-8079E9CEF545}.Release|Any CPU.ActiveCfg = Release|Any CPU
		{20098E0A-BFE2-46F5-A33B-8079E9CEF545}.Release|Any CPU.Build.0 = Release|Any CPU
		{142F6D65-D4B9-4572-97CC-2159B243D3B7}.Debug|Any CPU.ActiveCfg = Debug|Any CPU
		{142F6D65-D4B9-4572-97CC-2159B243D3B7}.Debug|Any CPU.Build.0 = Debug|Any CPU
		{142F6D65-D4B9-4572-97CC-2159B243D3B7}.Release|Any CPU.ActiveCfg = Release|Any CPU
		{142F6D65-D4B9-4572-97CC-2159B243D3B7}.Release|Any CPU.Build.0 = Release|Any CPU
		{5C73D99A-90ED-457B-91CB-6240C366FA22}.Debug|Any CPU.ActiveCfg = Debug|Any CPU
		{5C73D99A-90ED-457B-91CB-6240C366FA22}.Debug|Any CPU.Build.0 = Debug|Any CPU
		{5C73D99A-90ED-457B-91CB-6240C366FA22}.Release|Any CPU.ActiveCfg = Release|Any CPU
		{5C73D99A-90ED-457B-91CB-6240C366FA22}.Release|Any CPU.Build.0 = Release|Any CPU
	EndGlobalSection
	GlobalSection(SolutionProperties) = preSolution
		HideSolutionNode = FALSE
	EndGlobalSection
	GlobalSection(ExtensibilityGlobals) = postSolution
		SolutionGuid = {6D2EE554-13D7-46A9-A553-42D2B76629A1}
	EndGlobalSection
EndGlobal
